
Microsoft Visual Studio Solution File, Format Version 12.00
# Visual Studio Version 17
VisualStudioVersion = 17.3.32825.248
MinimumVisualStudioVersion = 10.0.40219.1
Project("{FAE04EC0-301F-11D3-BF4B-00C04F79EFBC}") = "AnimeCollection", "AnimeCollection\AnimeCollection.csproj", "{713F0B8F-70B1-4738-9085-CA78C27F2014}"
EndProject
Global
	GlobalSection(SolutionConfigurationPlatforms) = preSolution
		Debug|Any CPU = Debug|Any CPU
		Release|Any CPU = Release|Any CPU
	EndGlobalSection
	GlobalSection(ProjectConfigurationPlatforms) = postSolution
		{713F0B8F-70B1-4738-9085-CA78C27F2014}.Debug|Any CPU.ActiveCfg = Debug|Any CPU
		{713F0B8F-70B1-4738-9085-CA78C27F2014}.Debug|Any CPU.Build.0 = Debug|Any CPU
		{713F0B8F-70B1-4738-9085-CA78C27F2014}.Release|Any CPU.ActiveCfg = Release|Any CPU
		{713F0B8F-70B1-4738-9085-CA78C27F2014}.Release|Any CPU.Build.0 = Release|Any CPU
	EndGlobalSection
	GlobalSection(SolutionProperties) = preSolution
		HideSolutionNode = FALSE
	EndGlobalSection
	GlobalSection(ExtensibilityGlobals) = postSolution
		SolutionGuid = {123F57AA-8CAA-45E0-95B3-72C8975E771A}
	EndGlobalSection
EndGlobal
